{
  "name": "techproject-0422",
  "lockfileVersion": 2,
  "requires": true,
  "packages": {
    "": {
      "dependencies": {
        "@splidejs/splide": "^4.0.0"
      }
    },
    "node_modules/@splidejs/splide": {
      "version": "4.0.0",
      "resolved": "https://registry.npmjs.org/@splidejs/splide/-/splide-4.0.0.tgz",
      "integrity": "sha512-v6njSH3I9mdZLrboJNkz4z5l1eB71p83Di4zy7wpPoqxvNVi6FF07CafJlN/wg3eXCahwOEVeZ11QN8r6wlFVw=="
    }
  },
  "dependencies": {
    "@splidejs/splide": {
      "version": "4.0.0",
      "resolved": "https://registry.npmjs.org/@splidejs/splide/-/splide-4.0.0.tgz",
      "integrity": "sha512-v6njSH3I9mdZLrboJNkz4z5l1eB71p83Di4zy7wpPoqxvNVi6FF07CafJlN/wg3eXCahwOEVeZ11QN8r6wlFVw=="
    }
  }
}
